// !$*UTF8*$!
{
	archiveVersion = 1;
	classes = {
	};
	objectVersion = 46;
	objects = {

/* Begin PBXBuildFile section */
		165415521B3B984F00D10CDE /* AppDelegate.swift in Sources */ = {isa = PBXBuildFile; fileRef = 165415511B3B984F00D10CDE /* AppDelegate.swift */; };
		165415541B3B984F00D10CDE /* ViewController.swift in Sources */ = {isa = PBXBuildFile; fileRef = 165415531B3B984F00D10CDE /* ViewController.swift */; };
		165415571B3B984F00D10CDE /* Main.storyboard in Resources */ = {isa = PBXBuildFile; fileRef = 165415551B3B984F00D10CDE /* Main.storyboard */; };
		165415591B3B984F00D10CDE /* Images.xcassets in Resources */ = {isa = PBXBuildFile; fileRef = 165415581B3B984F00D10CDE /* Images.xcassets */; };
		1654155C1B3B984F00D10CDE /* LaunchScreen.xib in Resources */ = {isa = PBXBuildFile; fileRef = 1654155A1B3B984F00D10CDE /* LaunchScreen.xib */; };
		165415681B3B984F00D10CDE /* HelloIOSTests.swift in Sources */ = {isa = PBXBuildFile; fileRef = 165415671B3B984F00D10CDE /* HelloIOSTests.swift */; };
/* End PBXBuildFile section */

/* Begin PBXContainerItemProxy section */
		165415621B3B984F00D10CDE /* PBXContainerItemProxy */ = {
			isa = PBXContainerItemProxy;
			containerPortal = 165415441B3B984F00D10CDE /* Project object */;
			proxyType = 1;
			remoteGlobalIDString = 1654154B1B3B984F00D10CDE;
			remoteInfo = HelloIOS;
		};
/* End PBXContainerItemProxy section */

/* Begin PBXFileReference section */
		1654154C1B3B984F00D10CDE /* HelloIOS.app */ = {isa = PBXFileReference; explicitFileType = wrapper.application; includeInIndex = 0; path = HelloIOS.app; sourceTree = BUILT_PRODUCTS_DIR; };
		165415501B3B984F00D10CDE /* Info.plist */ = {isa = PBXFileReference; lastKnownFileType = text.plist.xml; path = Info.plist; sourceTree = "<group>"; };
		165415511B3B984F00D10CDE /* AppDelegate.swift */ = {isa = PBXFileReference; lastKnownFileType = sourcecode.swift; path = AppDelegate.swift; sourceTree = "<group>"; };
		165415531B3B984F00D10CDE /* ViewController.swift */ = {isa = PBXFileReference; lastKnownFileType = sourcecode.swift; path = ViewController.swift; sourceTree = "<group>"; };
		165415561B3B984F00D10CDE /* Base */ = {isa = PBXFileReference; lastKnownFileType = file.storyboard; name = Base; path = Base.lproj/Main.storyboard; sourceTree = "<group>"; };
		165415581B3B984F00D10CDE /* Images.xcassets */ = {isa = PBXFileReference; lastKnownFileType = folder.assetcatalog; path = Images.xcassets; sourceTree = "<group>"; };
		1654155B1B3B984F00D10CDE /* Base */ = {isa = PBXFileReference; lastKnownFileType = file.xib; name = Base; path = Base.lproj/LaunchScreen.xib; sourceTree = "<group>"; };
		165415611B3B984F00D10CDE /* HelloIOSTests.xctest */ = {isa = PBXFileReference; explicitFileType = wrapper.cfbundle; includeInIndex = 0; path = HelloIOSTests.xctest; sourceTree = BUILT_PRODUCTS_DIR; };
		165415661B3B984F00D10CDE /* Info.plist */ = {isa = PBXFileReference; lastKnownFileType = text.plist.xml; path = Info.plist; sourceTree = "<group>"; };
		165415671B3B984F00D10CDE /* HelloIOSTests.swift */ = {isa = PBXFileReference; lastKnownFileType = sourcecode.swift; path = HelloIOSTests.swift; sourceTree = "<group>"; };
/* End PBXFileReference section */

/* Begin PBXFrameworksBuildPhase section */
		165415491B3B984F00D10CDE /* Frameworks */ = {
			isa = PBXFrameworksBuildPhase;
			buildActionMask = 2147483647;
			files = (
			);
			runOnlyForDeploymentPostprocessing = 0;
		};
		1654155E1B3B984F00D10CDE /* Frameworks */ = {
			isa = PBXFrameworksBuildPhase;
			buildActionMask = 2147483647;
			files = (
			);
			runOnlyForDeploymentPostprocessing = 0;
		};
/* End PBXFrameworksBuildPhase section */

/* Begin PBXGroup section */
		165415431B3B984F00D10CDE = {
			isa = PBXGroup;
			children = (
				1654154E1B3B984F00D10CDE /* HelloIOS */,
				165415641B3B984F00D10CDE /* HelloIOSTests */,
				1654154D1B3B984F00D10CDE /* Products */,
			);
			sourceTree = "<group>";
		};
		1654154D1B3B984F00D10CDE /* Products */ = {
			isa = PBXGroup;
			children = (
				1654154C1B3B984F00D10CDE /* HelloIOS.app */,
				165415611B3B984F00D10CDE /* HelloIOSTests.xctest */,
			);
			name = Products;
			sourceTree = "<group>";
		};
		1654154E1B3B984F00D10CDE /* HelloIOS */ = {
			isa = PBXGroup;
			children = (
				165415511B3B984F00D10CDE /* AppDelegate.swift */,
				165415531B3B984F00D10CDE /* ViewController.swift */,
				165415551B3B984F00D10CDE /* Main.storyboard */,
				165415581B3B984F00D10CDE /* Images.xcassets */,
				1654155A1B3B984F00D10CDE /* LaunchScreen.xib */,
				1654154F1B3B984F00D10CDE /* Supporting Files */,
			);
			path = HelloIOS;
			sourceTree = "<group>";
		};
		1654154F1B3B984F00D10CDE /* Supporting Files */ = {
			isa = PBXGroup;
			children = (
				165415501B3B984F00D10CDE /* Info.plist */,
			);
			name = "Supporting Files";
			sourceTree = "<group>";
		};
		165415641B3B984F00D10CDE /* HelloIOSTests */ = {
			isa = PBXGroup;
			children = (
				165415671B3B984F00D10CDE /* HelloIOSTests.swift */,
				165415651B3B984F00D10CDE /* Supporting Files */,
			);
			path = HelloIOSTests;
			sourceTree = "<group>";
		};
		165415651B3B984F00D10CDE /* Supporting Files */ = {
			isa = PBXGroup;
			children = (
				165415661B3B984F00D10CDE /* Info.plist */,
			);
			name = "Supporting Files";
			sourceTree = "<group>";
		};
/* End PBXGroup section */

/* Begin PBXNativeTarget section */
		1654154B1B3B984F00D10CDE /* HelloIOS */ = {
			isa = PBXNativeTarget;
			buildConfigurationList = 1654156B1B3B984F00D10CDE /* Build configuration list for PBXNativeTarget "HelloIOS" */;
			buildPhases = (
				165415481B3B984F00D10CDE /* Sources */,
				165415491B3B984F00D10CDE /* Frameworks */,
				1654154A1B3B984F00D10CDE /* Resources */,
			);
			buildRules = (
			);
			dependencies = (
			);
			name = HelloIOS;
			productName = HelloIOS;
			productReference = 1654154C1B3B984F00D10CDE /* HelloIOS.app */;
			productType = "com.apple.product-type.application";
		};
		165415601B3B984F00D10CDE /* HelloIOSTests */ = {
			isa = PBXNativeTarget;
			buildConfigurationList = 1654156E1B3B984F00D10CDE /* Build configuration list for PBXNativeTarget "HelloIOSTests" */;
			buildPhases = (
				1654155D1B3B984F00D10CDE /* Sources */,
				1654155E1B3B984F00D10CDE /* Frameworks */,
				1654155F1B3B984F00D10CDE /* Resources */,
			);
			buildRules = (
			);
			dependencies = (
				165415631B3B984F00D10CDE /* PBXTargetDependency */,
			);
			name = HelloIOSTests;
			productName = HelloIOSTests;
			productReference = 165415611B3B984F00D10CDE /* HelloIOSTests.xctest */;
			productType = "com.apple.product-type.bundle.unit-test";
		};
/* End PBXNativeTarget section */

/* Begin PBXProject section */
		165415441B3B984F00D10CDE /* Project object */ = {
			isa = PBXProject;
			attributes = {
				LastUpgradeCheck = 0630;
				ORGANIZATIONNAME = "李端";
				TargetAttributes = {
					1654154B1B3B984F00D10CDE = {
						CreatedOnToolsVersion = 6.3.2;
					};
					165415601B3B984F00D10CDE = {
						CreatedOnToolsVersion = 6.3.2;
						TestTargetID = 1654154B1B3B984F00D10CDE;
					};
				};
			};
			buildConfigurationList = 165415471B3B984F00D10CDE /* Build configuration list for PBXProject "HelloIOS" */;
			compatibilityVersion = "Xcode 3.2";
			developmentRegion = English;
			hasScannedForEncodings = 0;
			knownRegions = (
				en,
				Base,
			);
			mainGroup = 165415431B3B984F00D10CDE;
			productRefGroup = 1654154D1B3B984F00D10CDE /* Products */;
			projectDirPath = "";
			projectRoot = "";
			targets = (
				1654154B1B3B984F00D10CDE /* HelloIOS */,
				165415601B3B984F00D10CDE /* HelloIOSTests */,
			);
		};
/* End PBXProject section */

/* Begin PBXResourcesBuildPhase section */
		1654154A1B3B984F00D10CDE /* Resources */ = {
			isa = PBXResourcesBuildPhase;
			buildActionMask = 2147483647;
			files = (
				165415571B3B984F00D10CDE /* Main.storyboard in Resources */,
				1654155C1B3B984F00D10CDE /* LaunchScreen.xib in Resources */,
				165415591B3B984F00D10CDE /* Images.xcassets in Resources */,
			);
			runOnlyForDeploymentPostprocessing = 0;
		};
		1654155F1B3B984F00D10CDE /* Resources */ = {
			isa = PBXResourcesBuildPhase;
			buildActionMask = 2147483647;
			files = (
			);
			runOnlyForDeploymentPostprocessing = 0;
		};
/* End PBXResourcesBuildPhase section */

/* Begin PBXSourcesBuildPhase section */
		165415481B3B984F00D10CDE /* Sources */ = {
			isa = PBXSourcesBuildPhase;
			buildActionMask = 2147483647;
			files = (
				165415541B3B984F00D10CDE /* ViewController.swift in Sources */,
				165415521B3B984F00D10CDE /* AppDelegate.swift in Sources */,
			);
			runOnlyForDeploymentPostprocessing = 0;
		};
		1654155D1B3B984F00D10CDE /* Sources */ = {
			isa = PBXSourcesBuildPhase;
			buildActionMask = 2147483647;
			files = (
				165415681B3B984F00D10CDE /* HelloIOSTests.swift in Sources */,
			);
			runOnlyForDeploymentPostprocessing = 0;
		};
/* End PBXSourcesBuildPhase section */

/* Begin PBXTargetDependency section */
		165415631B3B984F00D10CDE /* PBXTargetDependency */ = {
			isa = PBXTargetDependency;
			target = 1654154B1B3B984F00D10CDE /* HelloIOS */;
			targetProxy = 165415621B3B984F00D10CDE /* PBXContainerItemProxy */;
		};
/* End PBXTargetDependency section */

/* Begin PBXVariantGroup section */
		165415551B3B984F00D10CDE /* Main.storyboard */ = {
			isa = PBXVariantGroup;
			children = (
				165415561B3B984F00D10CDE /* Base */,
			);
			name = Main.storyboard;
			sourceTree = "<group>";
		};
		1654155A1B3B984F00D10CDE /* LaunchScreen.xib */ = {
			isa = PBXVariantGroup;
			children = (
				1654155B1B3B984F00D10CDE /* Base */,
			);
			name = LaunchScreen.xib;
			sourceTree = "<group>";
		};
/* End PBXVariantGroup section */

/* Begin XCBuildConfiguration section */
		165415691B3B984F00D10CDE /* Debug */ = {
			isa = XCBuildConfiguration;
			buildSettings = {
				ALWAYS_SEARCH_USER_PATHS = NO;
				CLANG_CXX_LANGUAGE_STANDARD = "gnu++0x";
				CLANG_CXX_LIBRARY = "libc++";
				CLANG_ENABLE_MODULES = YES;
				CLANG_ENABLE_OBJC_ARC = YES;
				CLANG_WARN_BOOL_CONVERSION = YES;
				CLANG_WARN_CONSTANT_CONVERSION = YES;
				CLANG_WARN_DIRECT_OBJC_ISA_USAGE = YES_ERROR;
				CLANG_WARN_EMPTY_BODY = YES;
				CLANG_WARN_ENUM_CONVERSION = YES;
				CLANG_WARN_INT_CONVERSION = YES;
				CLANG_WARN_OBJC_ROOT_CLASS = YES_ERROR;
				CLANG_WARN_UNREACHABLE_CODE = YES;
				CLANG_WARN__DUPLICATE_METHOD_MATCH = YES;
				"CODE_SIGN_IDENTITY[sdk=iphoneos*]" = "iPhone Developer";
				COPY_PHASE_STRIP = NO;
				DEBUG_INFORMATION_FORMAT = "dwarf-with-dsym";
				ENABLE_STRICT_OBJC_MSGSEND = YES;
				GCC_C_LANGUAGE_STANDARD = gnu99;
				GCC_DYNAMIC_NO_PIC = NO;
				GCC_NO_COMMON_BLOCKS = YES;
				GCC_OPTIMIZATION_LEVEL = 0;
				GCC_PREPROCESSOR_DEFINITIONS = (
					"DEBUG=1",
					"$(inherited)",
				);
				GCC_SYMBOLS_PRIVATE_EXTERN = NO;
				GCC_WARN_64_TO_32_BIT_CONVERSION = YES;
				GCC_WARN_ABOUT_RETURN_TYPE = YES_ERROR;
				GCC_WARN_UNDECLARED_SELECTOR = YES;
				GCC_WARN_UNINITIALIZED_AUTOS = YES_AGGRESSIVE;
				GCC_WARN_UNUSED_FUNCTION = YES;
				GCC_WARN_UNUSED_VARIABLE = YES;
				IPHONEOS_DEPLOYMENT_TARGET = 8.3;
				MTL_ENABLE_DEBUG_INFO = YES;
				ONLY_ACTIVE_ARCH = YES;
				SDKROOT = iphoneos;
				SWIFT_OPTIMIZATION_LEVEL = "-Onone";
				TARGETED_DEVICE_FAMILY = "1,2";
			};
			name = Debug;
		};
		1654156A1B3B984F00D10CDE /* Release */ = {
			isa = XCBuildConfiguration;
			buildSettings = {
				ALWAYS_SEARCH_USER_PATHS = NO;
				CLANG_CXX_LANGUAGE_STANDARD = "gnu++0x";
				CLANG_CXX_LIBRARY = "libc++";
				CLANG_ENABLE_MODULES = YES;
				CLANG_ENABLE_OBJC_ARC = YES;
				CLANG_WARN_BOOL_CONVERSION = YES;
				CLANG_WARN_CONSTANT_CONVERSION = YES;
				CLANG_WARN_DIRECT_OBJC_ISA_USAGE = YES_ERROR;
				CLANG_WARN_EMPTY_BODY = YES;
				CLANG_WARN_ENUM_CONVERSION = YES;
				CLANG_WARN_INT_CONVERSION = YES;
				CLANG_WARN_OBJC_ROOT_CLASS = YES_ERROR;
				CLANG_WARN_UNREACHABLE_CODE = YES;
				CLANG_WARN__DUPLICATE_METHOD_MATCH = YES;
				"CODE_SIGN_IDENTITY[sdk=iphoneos*]" = "iPhone Developer";
				COPY_PHASE_STRIP = NO;
				DEBUG_INFORMATION_FORMAT = "dwarf-with-dsym";
				ENABLE_NS_ASSERTIONS = NO;
				ENABLE_STRICT_OBJC_MSGSEND = YES;
				GCC_C_LANGUAGE_STANDARD = gnu99;
				GCC_NO_COMMON_BLOCKS = YES;
				GCC_WARN_64_TO_32_BIT_CONVERSION = YES;
				GCC_WARN_ABOUT_RETURN_TYPE = YES_ERROR;
				GCC_WARN_UNDECLARED_SELECTOR = YES;
				GCC_WARN_UNINITIALIZED_AUTOS = YES_AGGRESSIVE;
				GCC_WARN_UNUSED_FUNCTION = YES;
				GCC_WARN_UNUSED_VARIABLE = YES;
				IPHONEOS_DEPLOYMENT_TARGET = 8.3;
				MTL_ENABLE_DEBUG_INFO = NO;
				SDKROOT = iphoneos;
				TARGETED_DEVICE_FAMILY = "1,2";
				VALIDATE_PRODUCT = YES;
			};
			name = Release;
		};
		1654156C1B3B984F00D10CDE /* Debug */ = {
			isa = XCBuildConfiguration;
			buildSettings = {
				ASSETCATALOG_COMPILER_APPICON_NAME = AppIcon;
				INFOPLIST_FILE = HelloIOS/Info.plist;
				LD_RUNPATH_SEARCH_PATHS = "$(inherited) @executable_path/Frameworks";
				PRODUCT_NAME = "$(TARGET_NAME)";
			};
			name = Debug;
		};
		1654156D1B3B984F00D10CDE /* Release */ = {
			isa = XCBuildConfiguration;
			buildSettings = {
				ASSETCATALOG_COMPILER_APPICON_NAME = AppIcon;
				INFOPLIST_FILE = HelloIOS/Info.plist;
				LD_RUNPATH_SEARCH_PATHS = "$(inherited) @executable_path/Frameworks";
				PRODUCT_NAME = "$(TARGET_NAME)";
			};
			name = Release;
		};
		1654156F1B3B984F00D10CDE /* Debug */ = {
			isa = XCBuildConfiguration;
			buildSettings = {
				BUNDLE_LOADER = "$(TEST_HOST)";
				FRAMEWORK_SEARCH_PATHS = (
					"$(SDKROOT)/Developer/Library/Frameworks",
					"$(inherited)",
				);
				GCC_PREPROCESSOR_DEFINITIONS = (
					"DEBUG=1",
					"$(inherited)",
				);
				INFOPLIST_FILE = HelloIOSTests/Info.plist;
				LD_RUNPATH_SEARCH_PATHS = "$(inherited) @executable_path/Frameworks @loader_path/Frameworks";
				PRODUCT_NAME = "$(TARGET_NAME)";
				TEST_HOST = "$(BUILT_PRODUCTS_DIR)/HelloIOS.app/HelloIOS";
			};
			name = Debug;
		};
		165415701B3B984F00D10CDE /* Release */ = {
			isa = XCBuildConfiguration;
			buildSettings = {
				BUNDLE_LOADER = "$(TEST_HOST)";
				FRAMEWORK_SEARCH_PATHS = (
					"$(SDKROOT)/Developer/Library/Frameworks",
					"$(inherited)",
				);
				INFOPLIST_FILE = HelloIOSTests/Info.plist;
				LD_RUNPATH_SEARCH_PATHS = "$(inherited) @executable_path/Frameworks @loader_path/Frameworks";
				PRODUCT_NAME = "$(TARGET_NAME)";
				TEST_HOST = "$(BUILT_PRODUCTS_DIR)/HelloIOS.app/HelloIOS";
			};
			name = Release;
		};
/* End XCBuildConfiguration section */

/* Begin XCConfigurationList section */
		165415471B3B984F00D10CDE /* Build configuration list for PBXProject "HelloIOS" */ = {
			isa = XCConfigurationList;
			buildConfigurations = (
				165415691B3B984F00D10CDE /* Debug */,
				1654156A1B3B984F00D10CDE /* Release */,
			);
			defaultConfigurationIsVisible = 0;
			defaultConfigurationName = Release;
		};
		1654156B1B3B984F00D10CDE /* Build configuration list for PBXNativeTarget "HelloIOS" */ = {
			isa = XCConfigurationList;
			buildConfigurations = (
				1654156C1B3B984F00D10CDE /* Debug */,
				1654156D1B3B984F00D10CDE /* Release */,
			);
			defaultConfigurationIsVisible = 0;
		};
		1654156E1B3B984F00D10CDE /* Build configuration list for PBXNativeTarget "HelloIOSTests" */ = {
			isa = XCConfigurationList;
			buildConfigurations = (
				1654156F1B3B984F00D10CDE /* Debug */,
				165415701B3B984F00D10CDE /* Release */,
			);
			defaultConfigurationIsVisible = 0;
		};
/* End XCConfigurationList section */
	};
	rootObject = 165415441B3B984F00D10CDE /* Project object */;
}
